// !$*UTF8*$!
{
	archiveVersion = 1;
	classes = {
	};
	objectVersion = 46;
	objects = {

/* Begin PBXBuildFile section */
		295F2D4D1C9067F600270A9F /* Label.cpp in Sources */ = {isa = PBXBuildFile; fileRef = 295F2D4B1C9067F600270A9F /* Label.cpp */; };
		29A2DCAB1C89B12B0050DEC9 /* SDL2_image.framework in Frameworks */ = {isa = PBXBuildFile; fileRef = 29A2DCAA1C89B12B0050DEC9 /* SDL2_image.framework */; };
		29A2DCB21C89B17F0050DEC9 /* BackGround.jpg in Resources */ = {isa = PBXBuildFile; fileRef = 29A2DCAC1C89B17F0050DEC9 /* BackGround.jpg */; };
		29A2DCB31C89B17F0050DEC9 /* Blue.png in Resources */ = {isa = PBXBuildFile; fileRef = 29A2DCAD1C89B17F0050DEC9 /* Blue.png */; };
		29A2DCB41C89B17F0050DEC9 /* Green.png in Resources */ = {isa = PBXBuildFile; fileRef = 29A2DCAE1C89B17F0050DEC9 /* Green.png */; };
		29A2DCB51C89B17F0050DEC9 /* Purple.png in Resources */ = {isa = PBXBuildFile; fileRef = 29A2DCAF1C89B17F0050DEC9 /* Purple.png */; };
		29A2DCB61C89B17F0050DEC9 /* Red.png in Resources */ = {isa = PBXBuildFile; fileRef = 29A2DCB01C89B17F0050DEC9 /* Red.png */; };
		29A2DCB71C89B17F0050DEC9 /* Yellow.png in Resources */ = {isa = PBXBuildFile; fileRef = 29A2DCB11C89B17F0050DEC9 /* Yellow.png */; };
		29A2DCB91C89B9220050DEC9 /* SDL2_ttf.framework in Frameworks */ = {isa = PBXBuildFile; fileRef = 29A2DCB81C89B9220050DEC9 /* SDL2_ttf.framework */; };
		29A2DCBB1C89BA040050DEC9 /* arial.ttf in Resources */ = {isa = PBXBuildFile; fileRef = 29A2DCBA1C89BA040050DEC9 /* arial.ttf */; };
		29A2DCBF1C8A74CD0050DEC9 /* ResourceManager.cpp in Sources */ = {isa = PBXBuildFile; fileRef = 29A2DCBD1C8A74CD0050DEC9 /* ResourceManager.cpp */; };
		29A2DCC41C8A7F600050DEC9 /* Utils.cpp in Sources */ = {isa = PBXBuildFile; fileRef = 29A2DCC31C8A7F600050DEC9 /* Utils.cpp */; };
		29A2DCC71C8A86950050DEC9 /* Game.cpp in Sources */ = {isa = PBXBuildFile; fileRef = 29A2DCC51C8A86950050DEC9 /* Game.cpp */; };
		29A2DCCB1C8AD58A0050DEC9 /* GameScene.cpp in Sources */ = {isa = PBXBuildFile; fileRef = 29A2DCC91C8AD58A0050DEC9 /* GameScene.cpp */; };
		29A2DCCF1C8AD83A0050DEC9 /* GameBoard.cpp in Sources */ = {isa = PBXBuildFile; fileRef = 29A2DCCD1C8AD83A0050DEC9 /* GameBoard.cpp */; };
		29A2DCD41C8AD9D70050DEC9 /* GameObject.cpp in Sources */ = {isa = PBXBuildFile; fileRef = 29A2DCD21C8AD9D70050DEC9 /* GameObject.cpp */; };
		29A2DCD71C8ADD580050DEC9 /* TileSprite.cpp in Sources */ = {isa = PBXBuildFile; fileRef = 29A2DCD51C8ADD580050DEC9 /* TileSprite.cpp */; };
		29A2DCDB1C8AE7B90050DEC9 /* Constants.cpp in Sources */ = {isa = PBXBuildFile; fileRef = 29A2DCDA1C8AE7B90050DEC9 /* Constants.cpp */; };
		29A2DCE01C8B10990050DEC9 /* Tile.cpp in Sources */ = {isa = PBXBuildFile; fileRef = 29A2DCDE1C8B10990050DEC9 /* Tile.cpp */; };
		29A2DCE31C8BCC7F0050DEC9 /* Action.cpp in Sources */ = {isa = PBXBuildFile; fileRef = 29A2DCE11C8BCC7F0050DEC9 /* Action.cpp */; };
		29A2DCF21C8DA62B0050DEC9 /* ActionManager.cpp in Sources */ = {isa = PBXBuildFile; fileRef = 29A2DCF01C8DA62B0050DEC9 /* ActionManager.cpp */; };
		29A2DCF51C8DBAE40050DEC9 /* Chain.cpp in Sources */ = {isa = PBXBuildFile; fileRef = 29A2DCF31C8DBAE40050DEC9 /* Chain.cpp */; };
		29A6DFED1C87FD3F00EE672F /* main.cpp in Sources */ = {isa = PBXBuildFile; fileRef = 29A6DFEC1C87FD3F00EE672F /* main.cpp */; };
		29A6DFFB1C87FE6300EE672F /* SDL2.framework in Frameworks */ = {isa = PBXBuildFile; fileRef = 29A6DFFA1C87FE6300EE672F /* SDL2.framework */; };
/* End PBXBuildFile section */

/* Begin PBXFileReference section */
		295F2D4B1C9067F600270A9F /* Label.cpp */ = {isa = PBXFileReference; fileEncoding = 4; lastKnownFileType = sourcecode.cpp.cpp; name = Label.cpp; path = src/Label.cpp; sourceTree = "<group>"; };
		295F2D4C1C9067F600270A9F /* Label.hpp */ = {isa = PBXFileReference; fileEncoding = 4; lastKnownFileType = sourcecode.cpp.h; name = Label.hpp; path = src/Label.hpp; sourceTree = "<group>"; };
		29A2DCAA1C89B12B0050DEC9 /* SDL2_image.framework */ = {isa = PBXFileReference; lastKnownFileType = wrapper.framework; path = SDL2_image.framework; sourceTree = "<group>"; };
		29A2DCAC1C89B17F0050DEC9 /* BackGround.jpg */ = {isa = PBXFileReference; lastKnownFileType = image.jpeg; path = BackGround.jpg; sourceTree = "<group>"; };
		29A2DCAD1C89B17F0050DEC9 /* Blue.png */ = {isa = PBXFileReference; lastKnownFileType = image.png; path = Blue.png; sourceTree = "<group>"; };
		29A2DCAE1C89B17F0050DEC9 /* Green.png */ = {isa = PBXFileReference; lastKnownFileType = image.png; path = Green.png; sourceTree = "<group>"; };
		29A2DCAF1C89B17F0050DEC9 /* Purple.png */ = {isa = PBXFileReference; lastKnownFileType = image.png; path = Purple.png; sourceTree = "<group>"; };
		29A2DCB01C89B17F0050DEC9 /* Red.png */ = {isa = PBXFileReference; lastKnownFileType = image.png; path = Red.png; sourceTree = "<group>"; };
		29A2DCB11C89B17F0050DEC9 /* Yellow.png */ = {isa = PBXFileReference; lastKnownFileType = image.png; path = Yellow.png; sourceTree = "<group>"; };
		29A2DCB81C89B9220050DEC9 /* SDL2_ttf.framework */ = {isa = PBXFileReference; lastKnownFileType = wrapper.framework; path = SDL2_ttf.framework; sourceTree = "<group>"; };
		29A2DCBA1C89BA040050DEC9 /* arial.ttf */ = {isa = PBXFileReference; lastKnownFileType = file; path = arial.ttf; sourceTree = "<group>"; };
		29A2DCBC1C8A742D0050DEC9 /* Utils.h */ = {isa = PBXFileReference; fileEncoding = 4; lastKnownFileType = sourcecode.c.h; name = Utils.h; path = src/utils/Utils.h; sourceTree = "<group>"; };
		29A2DCBD1C8A74CD0050DEC9 /* ResourceManager.cpp */ = {isa = PBXFileReference; fileEncoding = 4; lastKnownFileType = sourcecode.cpp.cpp; name = ResourceManager.cpp; path = src/ResourceManager.cpp; sourceTree = "<group>"; };
		29A2DCBE1C8A74CD0050DEC9 /* ResourceManager.hpp */ = {isa = PBXFileReference; fileEncoding = 4; lastKnownFileType = sourcecode.cpp.h; name = ResourceManager.hpp; path = src/ResourceManager.hpp; sourceTree = "<group>"; };
		29A2DCC21C8A76740050DEC9 /* Macros.h */ = {isa = PBXFileReference; lastKnownFileType = sourcecode.c.h; name = Macros.h; path = src/base/Macros.h; sourceTree = "<group>"; };
		29A2DCC31C8A7F600050DEC9 /* Utils.cpp */ = {isa = PBXFileReference; fileEncoding = 4; lastKnownFileType = sourcecode.cpp.cpp; name = Utils.cpp; path = src/utils/Utils.cpp; sourceTree = "<group>"; };
		29A2DCC51C8A86950050DEC9 /* Game.cpp */ = {isa = PBXFileReference; fileEncoding = 4; lastKnownFileType = sourcecode.cpp.cpp; name = Game.cpp; path = src/Game.cpp; sourceTree = "<group>"; };
		29A2DCC61C8A86950050DEC9 /* Game.hpp */ = {isa = PBXFileReference; fileEncoding = 4; lastKnownFileType = sourcecode.cpp.h; name = Game.hpp; path = src/Game.hpp; sourceTree = "<group>"; };
		29A2DCC81C8AC0070050DEC9 /* Constants.h */ = {isa = PBXFileReference; lastKnownFileType = sourcecode.c.h; name = Constants.h; path = src/Constants.h; sourceTree = "<group>"; };
		29A2DCC91C8AD58A0050DEC9 /* GameScene.cpp */ = {isa = PBXFileReference; fileEncoding = 4; lastKnownFileType = sourcecode.cpp.cpp; name = GameScene.cpp; path = src/GameScene.cpp; sourceTree = "<group>"; };
		29A2DCCA1C8AD58A0050DEC9 /* GameScene.hpp */ = {isa = PBXFileReference; fileEncoding = 4; lastKnownFileType = sourcecode.cpp.h; name = GameScene.hpp; path = src/GameScene.hpp; sourceTree = "<group>"; };
		29A2DCCD1C8AD83A0050DEC9 /* GameBoard.cpp */ = {isa = PBXFileReference; fileEncoding = 4; lastKnownFileType = sourcecode.cpp.cpp; name = GameBoard.cpp; path = src/GameBoard.cpp; sourceTree = "<group>"; };
		29A2DCCE1C8AD83A0050DEC9 /* GameBoard.hpp */ = {isa = PBXFileReference; fileEncoding = 4; lastKnownFileType = sourcecode.cpp.h; name = GameBoard.hpp; path = src/GameBoard.hpp; sourceTree = "<group>"; };
		29A2DCD11C8AD8C50050DEC9 /* Renderable.h */ = {isa = PBXFileReference; fileEncoding = 4; lastKnownFileType = sourcecode.c.h; name = Renderable.h; path = src/Renderable.h; sourceTree = "<group>"; };
		29A2DCD21C8AD9D70050DEC9 /* GameObject.cpp */ = {isa = PBXFileReference; fileEncoding = 4; lastKnownFileType = sourcecode.cpp.cpp; name = GameObject.cpp; path = src/GameObject.cpp; sourceTree = "<group>"; };
		29A2DCD31C8AD9D70050DEC9 /* GameObject.hpp */ = {isa = PBXFileReference; fileEncoding = 4; lastKnownFileType = sourcecode.cpp.h; name = GameObject.hpp; path = src/GameObject.hpp; sourceTree = "<group>"; };
		29A2DCD51C8ADD580050DEC9 /* TileSprite.cpp */ = {isa = PBXFileReference; fileEncoding = 4; lastKnownFileType = sourcecode.cpp.cpp; name = TileSprite.cpp; path = src/TileSprite.cpp; sourceTree = "<group>"; };
		29A2DCD61C8ADD580050DEC9 /* TileSprite.hpp */ = {isa = PBXFileReference; fileEncoding = 4; lastKnownFileType = sourcecode.cpp.h; name = TileSprite.hpp; path = src/TileSprite.hpp; sourceTree = "<group>"; };
		29A2DCD91C8AE0620050DEC9 /* SimpleMath.h */ = {isa = PBXFileReference; lastKnownFileType = sourcecode.c.h; name = SimpleMath.h; path = src/SimpleMath.h; sourceTree = "<group>"; };
		29A2DCDA1C8AE7B90050DEC9 /* Constants.cpp */ = {isa = PBXFileReference; fileEncoding = 4; lastKnownFileType = sourcecode.cpp.cpp; name = Constants.cpp; path = src/Constants.cpp; sourceTree = "<group>"; };
		29A2DCDE1C8B10990050DEC9 /* Tile.cpp */ = {isa = PBXFileReference; fileEncoding = 4; lastKnownFileType = sourcecode.cpp.cpp; name = Tile.cpp; path = src/Tile.cpp; sourceTree = "<group>"; };
		29A2DCDF1C8B10990050DEC9 /* Tile.hpp */ = {isa = PBXFileReference; fileEncoding = 4; lastKnownFileType = sourcecode.cpp.h; name = Tile.hpp; path = src/Tile.hpp; sourceTree = "<group>"; };
		29A2DCE11C8BCC7F0050DEC9 /* Action.cpp */ = {isa = PBXFileReference; fileEncoding = 4; lastKnownFileType = sourcecode.cpp.cpp; name = Action.cpp; path = src/Action.cpp; sourceTree = "<group>"; };
		29A2DCE21C8BCC7F0050DEC9 /* Action.hpp */ = {isa = PBXFileReference; fileEncoding = 4; lastKnownFileType = sourcecode.cpp.h; name = Action.hpp; path = src/Action.hpp; sourceTree = "<group>"; };
		29A2DCE51C8BCCCD0050DEC9 /* TweenFunction.hpp */ = {isa = PBXFileReference; fileEncoding = 4; lastKnownFileType = sourcecode.cpp.h; name = TweenFunction.hpp; path = src/TweenFunction.hpp; sourceTree = "<group>"; };
		29A2DCF01C8DA62B0050DEC9 /* ActionManager.cpp */ = {isa = PBXFileReference; fileEncoding = 4; lastKnownFileType = sourcecode.cpp.cpp; name = ActionManager.cpp; path = src/ActionManager.cpp; sourceTree = "<group>"; };
		29A2DCF11C8DA62B0050DEC9 /* ActionManager.hpp */ = {isa = PBXFileReference; fileEncoding = 4; lastKnownFileType = sourcecode.cpp.h; name = ActionManager.hpp; path = src/ActionManager.hpp; sourceTree = "<group>"; };
		29A2DCF31C8DBAE40050DEC9 /* Chain.cpp */ = {isa = PBXFileReference; fileEncoding = 4; lastKnownFileType = sourcecode.cpp.cpp; name = Chain.cpp; path = src/Chain.cpp; sourceTree = "<group>"; };
		29A2DCF41C8DBAE40050DEC9 /* Chain.hpp */ = {isa = PBXFileReference; fileEncoding = 4; lastKnownFileType = sourcecode.cpp.h; name = Chain.hpp; path = src/Chain.hpp; sourceTree = "<group>"; };
		29A6DFE51C87FD3F00EE672F /* FollowMatchKing.app */ = {isa = PBXFileReference; explicitFileType = wrapper.application; includeInIndex = 0; path = FollowMatchKing.app; sourceTree = BUILT_PRODUCTS_DIR; };
		29A6DFEC1C87FD3F00EE672F /* main.cpp */ = {isa = PBXFileReference; lastKnownFileType = sourcecode.cpp.cpp; path = main.cpp; sourceTree = "<group>"; };
		29A6DFF31C87FD3F00EE672F /* Info.plist */ = {isa = PBXFileReference; lastKnownFileType = text.plist.xml; path = Info.plist; sourceTree = "<group>"; };
		29A6DFFA1C87FE6300EE672F /* SDL2.framework */ = {isa = PBXFileReference; lastKnownFileType = wrapper.framework; path = SDL2.framework; sourceTree = "<group>"; };
/* End PBXFileReference section */

/* Begin PBXFrameworksBuildPhase section */
		29A6DFE21C87FD3E00EE672F /* Frameworks */ = {
			isa = PBXFrameworksBuildPhase;
			buildActionMask = 2147483647;
			files = (
				29A6DFFB1C87FE6300EE672F /* SDL2.framework in Frameworks */,
				29A2DCB91C89B9220050DEC9 /* SDL2_ttf.framework in Frameworks */,
				29A2DCAB1C89B12B0050DEC9 /* SDL2_image.framework in Frameworks */,
			);
			runOnlyForDeploymentPostprocessing = 0;
		};
/* End PBXFrameworksBuildPhase section */

/* Begin PBXGroup section */
		29A2DCA51C8926BB0050DEC9 /* utils */ = {
			isa = PBXGroup;
			children = (
				29A2DCBD1C8A74CD0050DEC9 /* ResourceManager.cpp */,
				29A2DCBE1C8A74CD0050DEC9 /* ResourceManager.hpp */,
				29A2DCBC1C8A742D0050DEC9 /* Utils.h */,
				29A2DCC31C8A7F600050DEC9 /* Utils.cpp */,
			);
			name = utils;
			sourceTree = "<group>";
		};
		29A2DCC01C8A75860050DEC9 /* frameworks */ = {
			isa = PBXGroup;
			children = (
				29A2DCB81C89B9220050DEC9 /* SDL2_ttf.framework */,
				29A2DCAA1C89B12B0050DEC9 /* SDL2_image.framework */,
				29A6DFFA1C87FE6300EE672F /* SDL2.framework */,
			);
			name = frameworks;
			sourceTree = "<group>";
		};
		29A2DCC11C8A76540050DEC9 /* base */ = {
			isa = PBXGroup;
			children = (
				29A2DCC81C8AC0070050DEC9 /* Constants.h */,
				29A2DCDA1C8AE7B90050DEC9 /* Constants.cpp */,
				29A2DCC21C8A76740050DEC9 /* Macros.h */,
				29A2DCD11C8AD8C50050DEC9 /* Renderable.h */,
				29A2DCD21C8AD9D70050DEC9 /* GameObject.cpp */,
				29A2DCD31C8AD9D70050DEC9 /* GameObject.hpp */,
			);
			name = base;
			sourceTree = "<group>";
		};
		29A2DCD81C8AE0390050DEC9 /* math */ = {
			isa = PBXGroup;
			children = (
				29A2DCD91C8AE0620050DEC9 /* SimpleMath.h */,
				29A2DCE51C8BCCCD0050DEC9 /* TweenFunction.hpp */,
			);
			name = math;
			sourceTree = "<group>";
		};
		29A2DCDC1C8B0F5A0050DEC9 /* fonts */ = {
			isa = PBXGroup;
			children = (
				29A2DCBA1C89BA040050DEC9 /* arial.ttf */,
			);
			name = fonts;
			sourceTree = "<group>";
		};
		29A2DCDD1C8B0F640050DEC9 /* images */ = {
			isa = PBXGroup;
			children = (
				29A2DCAC1C89B17F0050DEC9 /* BackGround.jpg */,
				29A2DCAD1C89B17F0050DEC9 /* Blue.png */,
				29A2DCAE1C89B17F0050DEC9 /* Green.png */,
				29A2DCAF1C89B17F0050DEC9 /* Purple.png */,
				29A2DCB01C89B17F0050DEC9 /* Red.png */,
				29A2DCB11C89B17F0050DEC9 /* Yellow.png */,
			);
			name = images;
			sourceTree = "<group>";
		};
		29A6DFDC1C87FD3E00EE672F = {
			isa = PBXGroup;
			children = (
				29A2DCC01C8A75860050DEC9 /* frameworks */,
				29A6DFE71C87FD3F00EE672F /* FollowMatchKing */,
				29A6DFE61C87FD3F00EE672F /* Products */,
			);
			sourceTree = "<group>";
		};
		29A6DFE61C87FD3F00EE672F /* Products */ = {
			isa = PBXGroup;
			children = (
				29A6DFE51C87FD3F00EE672F /* FollowMatchKing.app */,
			);
			name = Products;
			sourceTree = "<group>";
		};
		29A6DFE71C87FD3F00EE672F /* FollowMatchKing */ = {
			isa = PBXGroup;
			children = (
				29A6DFFC1C88010800EE672F /* res */,
				29A6DFF91C87FDD600EE672F /* src */,
				29A6DFEB1C87FD3F00EE672F /* Supporting Files */,
			);
			path = FollowMatchKing;
			sourceTree = "<group>";
		};
		29A6DFEB1C87FD3F00EE672F /* Supporting Files */ = {
			isa = PBXGroup;
			children = (
				29A6DFF31C87FD3F00EE672F /* Info.plist */,
				29A6DFEC1C87FD3F00EE672F /* main.cpp */,
			);
			name = "Supporting Files";
			sourceTree = "<group>";
		};
		29A6DFF91C87FDD600EE672F /* src */ = {
			isa = PBXGroup;
			children = (
				29A2DCCD1C8AD83A0050DEC9 /* GameBoard.cpp */,
				29A2DCCE1C8AD83A0050DEC9 /* GameBoard.hpp */,
				29A2DCDE1C8B10990050DEC9 /* Tile.cpp */,
				29A2DCDF1C8B10990050DEC9 /* Tile.hpp */,
				29A2DCF31C8DBAE40050DEC9 /* Chain.cpp */,
				29A2DCF41C8DBAE40050DEC9 /* Chain.hpp */,
				29A2DCD51C8ADD580050DEC9 /* TileSprite.cpp */,
				29A2DCD61C8ADD580050DEC9 /* TileSprite.hpp */,
				295F2D4B1C9067F600270A9F /* Label.cpp */,
				295F2D4C1C9067F600270A9F /* Label.hpp */,
				29A2DCC91C8AD58A0050DEC9 /* GameScene.cpp */,
				29A2DCCA1C8AD58A0050DEC9 /* GameScene.hpp */,
				29A2DCC51C8A86950050DEC9 /* Game.cpp */,
				29A2DCC61C8A86950050DEC9 /* Game.hpp */,
				29A2DCE11C8BCC7F0050DEC9 /* Action.cpp */,
				29A2DCE21C8BCC7F0050DEC9 /* Action.hpp */,
				29A2DCF01C8DA62B0050DEC9 /* ActionManager.cpp */,
				29A2DCF11C8DA62B0050DEC9 /* ActionManager.hpp */,
				29A2DCD81C8AE0390050DEC9 /* math */,
				29A2DCC11C8A76540050DEC9 /* base */,
				29A2DCA51C8926BB0050DEC9 /* utils */,
			);
			name = src;
			sourceTree = "<group>";
		};
		29A6DFFC1C88010800EE672F /* res */ = {
			isa = PBXGroup;
			children = (
				29A2DCDD1C8B0F640050DEC9 /* images */,
				29A2DCDC1C8B0F5A0050DEC9 /* fonts */,
			);
			path = res;
			sourceTree = "<group>";
		};
/* End PBXGroup section */

/* Begin PBXNativeTarget section */
		29A6DFE41C87FD3E00EE672F /* FollowMatchKing */ = {
			isa = PBXNativeTarget;
			buildConfigurationList = 29A6DFF61C87FD3F00EE672F /* Build configuration list for PBXNativeTarget "FollowMatchKing" */;
			buildPhases = (
				29A6DFE11C87FD3E00EE672F /* Sources */,
				29A6DFE21C87FD3E00EE672F /* Frameworks */,
				29A6DFE31C87FD3E00EE672F /* Resources */,
			);
			buildRules = (
			);
			dependencies = (
			);
			name = FollowMatchKing;
			productName = FollowMatchKing;
			productReference = 29A6DFE51C87FD3F00EE672F /* FollowMatchKing.app */;
			productType = "com.apple.product-type.application";
		};
/* End PBXNativeTarget section */

/* Begin PBXProject section */
		29A6DFDD1C87FD3E00EE672F /* Project object */ = {
			isa = PBXProject;
			attributes = {
				LastUpgradeCheck = 0720;
				ORGANIZATIONNAME = guanghui;
				TargetAttributes = {
					29A6DFE41C87FD3E00EE672F = {
						CreatedOnToolsVersion = 7.2.1;
					};
				};
			};
			buildConfigurationList = 29A6DFE01C87FD3E00EE672F /* Build configuration list for PBXProject "FollowMatchKing" */;
			compatibilityVersion = "Xcode 3.2";
			developmentRegion = English;
			hasScannedForEncodings = 0;
			knownRegions = (
				en,
				Base,
			);
			mainGroup = 29A6DFDC1C87FD3E00EE672F;
			productRefGroup = 29A6DFE61C87FD3F00EE672F /* Products */;
			projectDirPath = "";
			projectRoot = "";
			targets = (
				29A6DFE41C87FD3E00EE672F /* FollowMatchKing */,
			);
		};
/* End PBXProject section */

/* Begin PBXResourcesBuildPhase section */
		29A6DFE31C87FD3E00EE672F /* Resources */ = {
			isa = PBXResourcesBuildPhase;
			buildActionMask = 2147483647;
			files = (
				29A2DCB41C89B17F0050DEC9 /* Green.png in Resources */,
				29A2DCB21C89B17F0050DEC9 /* BackGround.jpg in Resources */,
				29A2DCB31C89B17F0050DEC9 /* Blue.png in Resources */,
				29A2DCB61C89B17F0050DEC9 /* Red.png in Resources */,
				29A2DCB51C89B17F0050DEC9 /* Purple.png in Resources */,
				29A2DCB71C89B17F0050DEC9 /* Yellow.png in Resources */,
				29A2DCBB1C89BA040050DEC9 /* arial.ttf in Resources */,
			);
			runOnlyForDeploymentPostprocessing = 0;
		};
/* End PBXResourcesBuildPhase section */

/* Begin PBXSourcesBuildPhase section */
		29A6DFE11C87FD3E00EE672F /* Sources */ = {
			isa = PBXSourcesBuildPhase;
			buildActionMask = 2147483647;
			files = (
				29A2DCCB1C8AD58A0050DEC9 /* GameScene.cpp in Sources */,
				29A2DCDB1C8AE7B90050DEC9 /* Constants.cpp in Sources */,
				29A2DCF51C8DBAE40050DEC9 /* Chain.cpp in Sources */,
				29A2DCC71C8A86950050DEC9 /* Game.cpp in Sources */,
				29A2DCF21C8DA62B0050DEC9 /* ActionManager.cpp in Sources */,
				29A6DFED1C87FD3F00EE672F /* main.cpp in Sources */,
				295F2D4D1C9067F600270A9F /* Label.cpp in Sources */,
				29A2DCC41C8A7F600050DEC9 /* Utils.cpp in Sources */,
				29A2DCD71C8ADD580050DEC9 /* TileSprite.cpp in Sources */,
				29A2DCCF1C8AD83A0050DEC9 /* GameBoard.cpp in Sources */,
				29A2DCBF1C8A74CD0050DEC9 /* ResourceManager.cpp in Sources */,
				29A2DCD41C8AD9D70050DEC9 /* GameObject.cpp in Sources */,
				29A2DCE31C8BCC7F0050DEC9 /* Action.cpp in Sources */,
				29A2DCE01C8B10990050DEC9 /* Tile.cpp in Sources */,
			);
			runOnlyForDeploymentPostprocessing = 0;
		};
/* End PBXSourcesBuildPhase section */

/* Begin XCBuildConfiguration section */
		29A6DFF41C87FD3F00EE672F /* Debug */ = {
			isa = XCBuildConfiguration;
			buildSettings = {
				ALWAYS_SEARCH_USER_PATHS = NO;
				CLANG_CXX_LANGUAGE_STANDARD = "gnu++0x";
				CLANG_CXX_LIBRARY = "libc++";
				CLANG_ENABLE_MODULES = YES;
				CLANG_ENABLE_OBJC_ARC = YES;
				CLANG_WARN_BOOL_CONVERSION = YES;
				CLANG_WARN_CONSTANT_CONVERSION = YES;
				CLANG_WARN_DIRECT_OBJC_ISA_USAGE = YES_ERROR;
				CLANG_WARN_EMPTY_BODY = YES;
				CLANG_WARN_ENUM_CONVERSION = YES;
				CLANG_WARN_INT_CONVERSION = YES;
				CLANG_WARN_OBJC_ROOT_CLASS = YES_ERROR;
				CLANG_WARN_UNREACHABLE_CODE = YES;
				CLANG_WARN__DUPLICATE_METHOD_MATCH = YES;
				CODE_SIGN_IDENTITY = "-";
				COPY_PHASE_STRIP = NO;
				DEBUG_INFORMATION_FORMAT = dwarf;
				ENABLE_STRICT_OBJC_MSGSEND = YES;
				ENABLE_TESTABILITY = YES;
				GCC_C_LANGUAGE_STANDARD = gnu99;
				GCC_DYNAMIC_NO_PIC = NO;
				GCC_NO_COMMON_BLOCKS = YES;
				GCC_OPTIMIZATION_LEVEL = 0;
				GCC_PREPROCESSOR_DEFINITIONS = (
					"DEBUG=1",
					"$(inherited)",
				);
				GCC_WARN_64_TO_32_BIT_CONVERSION = YES;
				GCC_WARN_ABOUT_RETURN_TYPE = YES_ERROR;
				GCC_WARN_UNDECLARED_SELECTOR = YES;
				GCC_WARN_UNINITIALIZED_AUTOS = YES_AGGRESSIVE;
				GCC_WARN_UNUSED_FUNCTION = YES;
				GCC_WARN_UNUSED_VARIABLE = YES;
				MACOSX_DEPLOYMENT_TARGET = 10.8;
				MTL_ENABLE_DEBUG_INFO = YES;
				ONLY_ACTIVE_ARCH = YES;
				SDKROOT = macosx;
			};
			name = Debug;
		};
		29A6DFF51C87FD3F00EE672F /* Release */ = {
			isa = XCBuildConfiguration;
			buildSettings = {
				ALWAYS_SEARCH_USER_PATHS = NO;
				CLANG_CXX_LANGUAGE_STANDARD = "gnu++0x";
				CLANG_CXX_LIBRARY = "libc++";
				CLANG_ENABLE_MODULES = YES;
				CLANG_ENABLE_OBJC_ARC = YES;
				CLANG_WARN_BOOL_CONVERSION = YES;
				CLANG_WARN_CONSTANT_CONVERSION = YES;
				CLANG_WARN_DIRECT_OBJC_ISA_USAGE = YES_ERROR;
				CLANG_WARN_EMPTY_BODY = YES;
				CLANG_WARN_ENUM_CONVERSION = YES;
				CLANG_WARN_INT_CONVERSION = YES;
				CLANG_WARN_OBJC_ROOT_CLASS = YES_ERROR;
				CLANG_WARN_UNREACHABLE_CODE = YES;
				CLANG_WARN__DUPLICATE_METHOD_MATCH = YES;
				CODE_SIGN_IDENTITY = "-";
				COPY_PHASE_STRIP = NO;
				DEBUG_INFORMATION_FORMAT = "dwarf-with-dsym";
				ENABLE_NS_ASSERTIONS = NO;
				ENABLE_STRICT_OBJC_MSGSEND = YES;
				GCC_C_LANGUAGE_STANDARD = gnu99;
				GCC_NO_COMMON_BLOCKS = YES;
				GCC_WARN_64_TO_32_BIT_CONVERSION = YES;
				GCC_WARN_ABOUT_RETURN_TYPE = YES_ERROR;
				GCC_WARN_UNDECLARED_SELECTOR = YES;
				GCC_WARN_UNINITIALIZED_AUTOS = YES_AGGRESSIVE;
				GCC_WARN_UNUSED_FUNCTION = YES;
				GCC_WARN_UNUSED_VARIABLE = YES;
				MACOSX_DEPLOYMENT_TARGET = 10.8;
				MTL_ENABLE_DEBUG_INFO = NO;
				SDKROOT = macosx;
			};
			name = Release;
		};
		29A6DFF71C87FD3F00EE672F /* Debug */ = {
			isa = XCBuildConfiguration;
			buildSettings = {
				ASSETCATALOG_COMPILER_APPICON_NAME = AppIcon;
				COMBINE_HIDPI_IMAGES = YES;
				FRAMEWORK_SEARCH_PATHS = (
					"$(inherited)",
					"$(PROJECT_DIR)",
				);
				INFOPLIST_FILE = FollowMatchKing/Info.plist;
				LD_RUNPATH_SEARCH_PATHS = "$(inherited) @executable_path/../Frameworks $(SRCROOT)";
				PRODUCT_BUNDLE_IDENTIFIER = com.zilongshanren.FollowMatchKing;
				PRODUCT_NAME = "$(TARGET_NAME)";
				USER_HEADER_SEARCH_PATHS = "$(SRCROOT)/FollowMatchKing/src/utils $(SRCROOT)/FollowMatchKing/src";
			};
			name = Debug;
		};
		29A6DFF81C87FD3F00EE672F /* Release */ = {
			isa = XCBuildConfiguration;
			buildSettings = {
				ASSETCATALOG_COMPILER_APPICON_NAME = AppIcon;
				COMBINE_HIDPI_IMAGES = YES;
				FRAMEWORK_SEARCH_PATHS = (
					"$(inherited)",
					"$(PROJECT_DIR)",
				);
				INFOPLIST_FILE = FollowMatchKing/Info.plist;
				LD_RUNPATH_SEARCH_PATHS = "$(inherited) @executable_path/../Frameworks $(SRCROOT)";
				PRODUCT_BUNDLE_IDENTIFIER = com.zilongshanren.FollowMatchKing;
				PRODUCT_NAME = "$(TARGET_NAME)";
				USER_HEADER_SEARCH_PATHS = "$(SRCROOT)/FollowMatchKing/src/utils $(SRCROOT)/FollowMatchKing/src";
			};
			name = Release;
		};
/* End XCBuildConfiguration section */

/* Begin XCConfigurationList section */
		29A6DFE01C87FD3E00EE672F /* Build configuration list for PBXProject "FollowMatchKing" */ = {
			isa = XCConfigurationList;
			buildConfigurations = (
				29A6DFF41C87FD3F00EE672F /* Debug */,
				29A6DFF51C87FD3F00EE672F /* Release */,
			);
			defaultConfigurationIsVisible = 0;
			defaultConfigurationName = Release;
		};
		29A6DFF61C87FD3F00EE672F /* Build configuration list for PBXNativeTarget "FollowMatchKing" */ = {
			isa = XCConfigurationList;
			buildConfigurations = (
				29A6DFF71C87FD3F00EE672F /* Debug */,
				29A6DFF81C87FD3F00EE672F /* Release */,
			);
			defaultConfigurationIsVisible = 0;
			defaultConfigurationName = Release;
		};
/* End XCConfigurationList section */
	};
	rootObject = 29A6DFDD1C87FD3E00EE672F /* Project object */;
}
